
Microsoft Visual Studio Solution File, Format Version 12.00
# Visual Studio Version 16
VisualStudioVersion = 16.0.30413.136
MinimumVisualStudioVersion = 10.0.40219.1
Project("{2150E333-8FDC-42A3-9474-1A3956D46DE8}") = "src", "src", "{2FE969D1-296B-4911-84C2-B94381228E03}"
EndProject
Project("{2150E333-8FDC-42A3-9474-1A3956D46DE8}") = "Services", "Services", "{553D1914-8542-4E7B-95A2-C44F15EB1D4E}"
EndProject
Project("{2150E333-8FDC-42A3-9474-1A3956D46DE8}") = "OrdenCompra", "OrdenCompra", "{3B52DF5B-9261-4085-BA8C-401D8CDE9F77}"
EndProject
Project("{9A19103F-16F7-4668-BE54-9A1E7A4F7556}") = "OrdenCompra.API", "src\Services\OrdenCompra\OrdenCompra.API.csproj", "{AD719EB5-DB1B-49E6-9C24-F0E84A51BCD0}"
EndProject
Project("{2150E333-8FDC-42A3-9474-1A3956D46DE8}") = "ShipConfirm", "ShipConfirm", "{A31970C6-5354-4784-82AB-312AD68D1457}"
EndProject
Project("{9A19103F-16F7-4668-BE54-9A1E7A4F7556}") = "ShipConfirm.API", "src\Services\ShipConfirm.API\ShipConfirm.API.csproj", "{A07F57AA-B924-4AAC-91BE-C330C46C284D}"
EndProject
Project("{2150E333-8FDC-42A3-9474-1A3956D46DE8}") = "ASNVerify", "ASNVerify", "{5B59579F-D5B7-42AF-846A-11C560F745D4}"
EndProject
Project("{9A19103F-16F7-4668-BE54-9A1E7A4F7556}") = "ASNVerify.API", "src\Services\ASNVerify.API\ASNVerify.API.csproj", "{C3A1AFA8-16FB-4DD6-88D0-0FD18326E93C}"
EndProject
Project("{2150E333-8FDC-42A3-9474-1A3956D46DE8}") = "DispatchOrder", "DispatchOrder", "{F3A8E7C2-4001-4FA4-9B0E-028D20CF02F8}"
EndProject
Project("{9A19103F-16F7-4668-BE54-9A1E7A4F7556}") = "DispatchOrder.API", "src\Services\DispatchOrder.API\DispatchOrder.API.csproj", "{B3FD1AAC-63D0-4423-9576-C4DE1E105F83}"
EndProject
Project("{2150E333-8FDC-42A3-9474-1A3956D46DE8}") = "tests", "tests", "{CBCA30BB-3ADF-4872-BF11-3FA5B3B6445B}"
EndProject
Project("{2150E333-8FDC-42A3-9474-1A3956D46DE8}") = "ServiceTests", "ServiceTests", "{306741F2-0F90-416E-8CA3-DE0DA4D580D4}"
EndProject
Project("{9A19103F-16F7-4668-BE54-9A1E7A4F7556}") = "Application.FunctionalTests", "tests\Application.FunctionalTests\Application.FunctionalTests.csproj", "{505AE5C2-42ED-4423-BC98-E7169B5B3E67}"
EndProject
Project("{2150E333-8FDC-42A3-9474-1A3956D46DE8}") = "Scheduler", "Scheduler", "{E228EF3E-F18A-4AA5-B8F2-314B04455E50}"
EndProject
Project("{9A19103F-16F7-4668-BE54-9A1E7A4F7556}") = "SchedulerService", "src\Scheduler\SchedulerService\SchedulerService.csproj", "{B1CBE066-B005-4F52-BD4D-B59AC0878425}"
EndProject
Project("{2150E333-8FDC-42A3-9474-1A3956D46DE8}") = "Infrastructure", "Infrastructure", "{E2237790-39B6-41F8-8285-CC28086F7E99}"
EndProject
Project("{00D1A9C2-B5F0-4AF3-8072-F6C62B433612}") = "Sodimac.Database", "src\Infrastructure\Sodimac.Database\Sodimac.Database.sqlproj", "{8DA5F1B1-923B-4EE4-8F5F-A66DB00282B9}"
EndProject
Project("{2150E333-8FDC-42A3-9474-1A3956D46DE8}") = "Persistence", "Persistence", "{51EA23FB-EF86-46C3-B458-7E6A71F40FD1}"
EndProject
Project("{9A19103F-16F7-4668-BE54-9A1E7A4F7556}") = "DataAccess", "src\Infrastructure\Persistence\DataAccess\DataAccess.csproj", "{4B10D4E5-211B-41A4-9523-35743452ADB7}"
EndProject
Project("{2150E333-8FDC-42A3-9474-1A3956D46DE8}") = "Crosscutting", "Crosscutting", "{FE063BDE-8780-4667-8E86-63F6AB9808D1}"
EndProject
Project("{9A19103F-16F7-4668-BE54-9A1E7A4F7556}") = "Helper", "src\Infrastructure\Crosscutting\Helper\Helper.csproj", "{0B027BA5-3471-4CCF-B888-594DBAC30EFF}"
EndProject
Project("{2150E333-8FDC-42A3-9474-1A3956D46DE8}") = "ApiGateways", "ApiGateways", "{6A5F88C9-2970-46CD-82CD-E46213A30E1B}"
EndProject
Project("{9A19103F-16F7-4668-BE54-9A1E7A4F7556}") = "SodimacGW.API", "src\ApiGateways\SodimacGW.API\SodimacGW.API.csproj", "{632E6935-A296-402D-B81F-7F6643D5E562}"
EndProject
Project("{2150E333-8FDC-42A3-9474-1A3956D46DE8}") = "BuildingBlocks", "BuildingBlocks", "{E24866B7-FADB-41D5-B044-3B535B892D06}"
EndProject
Project("{2150E333-8FDC-42A3-9474-1A3956D46DE8}") = "EventBus", "EventBus", "{800A0508-3202-446B-B744-C07EBB321120}"
EndProject
Project("{9A19103F-16F7-4668-BE54-9A1E7A4F7556}") = "EventBusLib", "src\BuildingBlocks\EventBus\EventBusLib\EventBusLib.csproj", "{FD0AE069-036F-4E30-8E8D-8B22D2500C15}"
EndProject
Project("{9A19103F-16F7-4668-BE54-9A1E7A4F7556}") = "EventBusServiceBus", "src\BuildingBlocks\EventBus\EventBusServiceBus\EventBusServiceBus.csproj", "{0523F032-1C96-43D6-A6DF-79E89E7E6CED}"
EndProject
Project("{FAE04EC0-301F-11D3-BF4B-00C04F79EFBC}") = "IntegrationEventLogEF", "src\BuildingBlocks\EventBus\IntegrationEventLogEF\IntegrationEventLogEF.csproj", "{1E068FA0-33E3-4DA8-862C-A0B448D49008}"
EndProject
Project("{2150E333-8FDC-42A3-9474-1A3956D46DE8}") = "BuildingBlocksTests", "BuildingBlocksTests", "{0E5CFB8C-FA9C-4424-A41B-B7CF5F3C7892}"
EndProject
Project("{FAE04EC0-301F-11D3-BF4B-00C04F79EFBC}") = "EventBus.Test", "tests\BuildingBlocksTests\EventBus.Test\EventBus.Test.csproj", "{9D9D585E-BF46-4317-9BA6-8BAE2FE9866E}"
EndProject
Global
	GlobalSection(SolutionConfigurationPlatforms) = preSolution
		Debug|Any CPU = Debug|Any CPU
		Release|Any CPU = Release|Any CPU
	EndGlobalSection
	GlobalSection(ProjectConfigurationPlatforms) = postSolution
		{AD719EB5-DB1B-49E6-9C24-F0E84A51BCD0}.Debug|Any CPU.ActiveCfg = Debug|Any CPU
		{AD719EB5-DB1B-49E6-9C24-F0E84A51BCD0}.Debug|Any CPU.Build.0 = Debug|Any CPU
		{AD719EB5-DB1B-49E6-9C24-F0E84A51BCD0}.Release|Any CPU.ActiveCfg = Release|Any CPU
		{AD719EB5-DB1B-49E6-9C24-F0E84A51BCD0}.Release|Any CPU.Build.0 = Release|Any CPU
		{A07F57AA-B924-4AAC-91BE-C330C46C284D}.Debug|Any CPU.ActiveCfg = Debug|Any CPU
		{A07F57AA-B924-4AAC-91BE-C330C46C284D}.Debug|Any CPU.Build.0 = Debug|Any CPU
		{A07F57AA-B924-4AAC-91BE-C330C46C284D}.Release|Any CPU.ActiveCfg = Release|Any CPU
		{A07F57AA-B924-4AAC-91BE-C330C46C284D}.Release|Any CPU.Build.0 = Release|Any CPU
		{C3A1AFA8-16FB-4DD6-88D0-0FD18326E93C}.Debug|Any CPU.ActiveCfg = Debug|Any CPU
		{C3A1AFA8-16FB-4DD6-88D0-0FD18326E93C}.Debug|Any CPU.Build.0 = Debug|Any CPU
		{C3A1AFA8-16FB-4DD6-88D0-0FD18326E93C}.Release|Any CPU.ActiveCfg = Release|Any CPU
		{C3A1AFA8-16FB-4DD6-88D0-0FD18326E93C}.Release|Any CPU.Build.0 = Release|Any CPU
		{B3FD1AAC-63D0-4423-9576-C4DE1E105F83}.Debug|Any CPU.ActiveCfg = Debug|Any CPU
		{B3FD1AAC-63D0-4423-9576-C4DE1E105F83}.Debug|Any CPU.Build.0 = Debug|Any CPU
		{B3FD1AAC-63D0-4423-9576-C4DE1E105F83}.Release|Any CPU.ActiveCfg = Release|Any CPU
		{B3FD1AAC-63D0-4423-9576-C4DE1E105F83}.Release|Any CPU.Build.0 = Release|Any CPU
		{505AE5C2-42ED-4423-BC98-E7169B5B3E67}.Debug|Any CPU.ActiveCfg = Debug|Any CPU
		{505AE5C2-42ED-4423-BC98-E7169B5B3E67}.Debug|Any CPU.Build.0 = Debug|Any CPU
		{505AE5C2-42ED-4423-BC98-E7169B5B3E67}.Release|Any CPU.ActiveCfg = Release|Any CPU
		{505AE5C2-42ED-4423-BC98-E7169B5B3E67}.Release|Any CPU.Build.0 = Release|Any CPU
		{B1CBE066-B005-4F52-BD4D-B59AC0878425}.Debug|Any CPU.ActiveCfg = Debug|Any CPU
		{B1CBE066-B005-4F52-BD4D-B59AC0878425}.Debug|Any CPU.Build.0 = Debug|Any CPU
		{B1CBE066-B005-4F52-BD4D-B59AC0878425}.Release|Any CPU.ActiveCfg = Release|Any CPU
		{B1CBE066-B005-4F52-BD4D-B59AC0878425}.Release|Any CPU.Build.0 = Release|Any CPU
		{8DA5F1B1-923B-4EE4-8F5F-A66DB00282B9}.Debug|Any CPU.ActiveCfg = Debug|Any CPU
		{8DA5F1B1-923B-4EE4-8F5F-A66DB00282B9}.Debug|Any CPU.Build.0 = Debug|Any CPU
		{8DA5F1B1-923B-4EE4-8F5F-A66DB00282B9}.Debug|Any CPU.Deploy.0 = Debug|Any CPU
		{8DA5F1B1-923B-4EE4-8F5F-A66DB00282B9}.Release|Any CPU.ActiveCfg = Release|Any CPU
		{8DA5F1B1-923B-4EE4-8F5F-A66DB00282B9}.Release|Any CPU.Build.0 = Release|Any CPU
		{8DA5F1B1-923B-4EE4-8F5F-A66DB00282B9}.Release|Any CPU.Deploy.0 = Release|Any CPU
		{4B10D4E5-211B-41A4-9523-35743452ADB7}.Debug|Any CPU.ActiveCfg = Debug|Any CPU
		{4B10D4E5-211B-41A4-9523-35743452ADB7}.Debug|Any CPU.Build.0 = Debug|Any CPU
		{4B10D4E5-211B-41A4-9523-35743452ADB7}.Release|Any CPU.ActiveCfg = Release|Any CPU
		{4B10D4E5-211B-41A4-9523-35743452ADB7}.Release|Any CPU.Build.0 = Release|Any CPU
		{0B027BA5-3471-4CCF-B888-594DBAC30EFF}.Debug|Any CPU.ActiveCfg = Debug|Any CPU
		{0B027BA5-3471-4CCF-B888-594DBAC30EFF}.Debug|Any CPU.Build.0 = Debug|Any CPU
		{0B027BA5-3471-4CCF-B888-594DBAC30EFF}.Release|Any CPU.ActiveCfg = Release|Any CPU
		{0B027BA5-3471-4CCF-B888-594DBAC30EFF}.Release|Any CPU.Build.0 = Release|Any CPU
		{632E6935-A296-402D-B81F-7F6643D5E562}.Debug|Any CPU.ActiveCfg = Debug|Any CPU
		{632E6935-A296-402D-B81F-7F6643D5E562}.Debug|Any CPU.Build.0 = Debug|Any CPU
		{632E6935-A296-402D-B81F-7F6643D5E562}.Release|Any CPU.ActiveCfg = Release|Any CPU
		{632E6935-A296-402D-B81F-7F6643D5E562}.Release|Any CPU.Build.0 = Release|Any CPU
		{FD0AE069-036F-4E30-8E8D-8B22D2500C15}.Debug|Any CPU.ActiveCfg = Debug|Any CPU
		{FD0AE069-036F-4E30-8E8D-8B22D2500C15}.Debug|Any CPU.Build.0 = Debug|Any CPU
		{FD0AE069-036F-4E30-8E8D-8B22D2500C15}.Release|Any CPU.ActiveCfg = Release|Any CPU
		{FD0AE069-036F-4E30-8E8D-8B22D2500C15}.Release|Any CPU.Build.0 = Release|Any CPU
		{0523F032-1C96-43D6-A6DF-79E89E7E6CED}.Debug|Any CPU.ActiveCfg = Debug|Any CPU
		{0523F032-1C96-43D6-A6DF-79E89E7E6CED}.Debug|Any CPU.Build.0 = Debug|Any CPU
		{0523F032-1C96-43D6-A6DF-79E89E7E6CED}.Release|Any CPU.ActiveCfg = Release|Any CPU
		{0523F032-1C96-43D6-A6DF-79E89E7E6CED}.Release|Any CPU.Build.0 = Release|Any CPU
		{1E068FA0-33E3-4DA8-862C-A0B448D49008}.Debug|Any CPU.ActiveCfg = Debug|Any CPU
		{1E068FA0-33E3-4DA8-862C-A0B448D49008}.Debug|Any CPU.Build.0 = Debug|Any CPU
		{1E068FA0-33E3-4DA8-862C-A0B448D49008}.Release|Any CPU.ActiveCfg = Release|Any CPU
		{1E068FA0-33E3-4DA8-862C-A0B448D49008}.Release|Any CPU.Build.0 = Release|Any CPU
		{9D9D585E-BF46-4317-9BA6-8BAE2FE9866E}.Debug|Any CPU.ActiveCfg = Debug|Any CPU
		{9D9D585E-BF46-4317-9BA6-8BAE2FE9866E}.Debug|Any CPU.Build.0 = Debug|Any CPU
		{9D9D585E-BF46-4317-9BA6-8BAE2FE9866E}.Release|Any CPU.ActiveCfg = Release|Any CPU
		{9D9D585E-BF46-4317-9BA6-8BAE2FE9866E}.Release|Any CPU.Build.0 = Release|Any CPU
	EndGlobalSection
	GlobalSection(SolutionProperties) = preSolution
		HideSolutionNode = FALSE
	EndGlobalSection
	GlobalSection(NestedProjects) = preSolution
		{553D1914-8542-4E7B-95A2-C44F15EB1D4E} = {2FE969D1-296B-4911-84C2-B94381228E03}
		{3B52DF5B-9261-4085-BA8C-401D8CDE9F77} = {553D1914-8542-4E7B-95A2-C44F15EB1D4E}
		{AD719EB5-DB1B-49E6-9C24-F0E84A51BCD0} = {3B52DF5B-9261-4085-BA8C-401D8CDE9F77}
		{A31970C6-5354-4784-82AB-312AD68D1457} = {553D1914-8542-4E7B-95A2-C44F15EB1D4E}
		{A07F57AA-B924-4AAC-91BE-C330C46C284D} = {A31970C6-5354-4784-82AB-312AD68D1457}
		{5B59579F-D5B7-42AF-846A-11C560F745D4} = {553D1914-8542-4E7B-95A2-C44F15EB1D4E}
		{C3A1AFA8-16FB-4DD6-88D0-0FD18326E93C} = {5B59579F-D5B7-42AF-846A-11C560F745D4}
		{F3A8E7C2-4001-4FA4-9B0E-028D20CF02F8} = {553D1914-8542-4E7B-95A2-C44F15EB1D4E}
		{B3FD1AAC-63D0-4423-9576-C4DE1E105F83} = {F3A8E7C2-4001-4FA4-9B0E-028D20CF02F8}
		{306741F2-0F90-416E-8CA3-DE0DA4D580D4} = {CBCA30BB-3ADF-4872-BF11-3FA5B3B6445B}
		{505AE5C2-42ED-4423-BC98-E7169B5B3E67} = {306741F2-0F90-416E-8CA3-DE0DA4D580D4}
		{E228EF3E-F18A-4AA5-B8F2-314B04455E50} = {2FE969D1-296B-4911-84C2-B94381228E03}
		{B1CBE066-B005-4F52-BD4D-B59AC0878425} = {E228EF3E-F18A-4AA5-B8F2-314B04455E50}
		{E2237790-39B6-41F8-8285-CC28086F7E99} = {2FE969D1-296B-4911-84C2-B94381228E03}
		{8DA5F1B1-923B-4EE4-8F5F-A66DB00282B9} = {E2237790-39B6-41F8-8285-CC28086F7E99}
		{51EA23FB-EF86-46C3-B458-7E6A71F40FD1} = {E2237790-39B6-41F8-8285-CC28086F7E99}
		{4B10D4E5-211B-41A4-9523-35743452ADB7} = {51EA23FB-EF86-46C3-B458-7E6A71F40FD1}
		{FE063BDE-8780-4667-8E86-63F6AB9808D1} = {E2237790-39B6-41F8-8285-CC28086F7E99}
		{0B027BA5-3471-4CCF-B888-594DBAC30EFF} = {FE063BDE-8780-4667-8E86-63F6AB9808D1}
		{6A5F88C9-2970-46CD-82CD-E46213A30E1B} = {2FE969D1-296B-4911-84C2-B94381228E03}
		{632E6935-A296-402D-B81F-7F6643D5E562} = {6A5F88C9-2970-46CD-82CD-E46213A30E1B}
		{E24866B7-FADB-41D5-B044-3B535B892D06} = {2FE969D1-296B-4911-84C2-B94381228E03}
		{800A0508-3202-446B-B744-C07EBB321120} = {E24866B7-FADB-41D5-B044-3B535B892D06}
		{FD0AE069-036F-4E30-8E8D-8B22D2500C15} = {800A0508-3202-446B-B744-C07EBB321120}
		{0523F032-1C96-43D6-A6DF-79E89E7E6CED} = {800A0508-3202-446B-B744-C07EBB321120}
		{1E068FA0-33E3-4DA8-862C-A0B448D49008} = {800A0508-3202-446B-B744-C07EBB321120}
		{0E5CFB8C-FA9C-4424-A41B-B7CF5F3C7892} = {CBCA30BB-3ADF-4872-BF11-3FA5B3B6445B}
		{9D9D585E-BF46-4317-9BA6-8BAE2FE9866E} = {0E5CFB8C-FA9C-4424-A41B-B7CF5F3C7892}
	EndGlobalSection
	GlobalSection(ExtensibilityGlobals) = postSolution
		SolutionGuid = {EDADB4EC-A838-4A65-BB52-97AB69787A36}
	EndGlobalSection
EndGlobal
